
Microsoft Visual Studio Solution File, Format Version 12.00
# Visual Studio Version 17
VisualStudioVersion = 17.0.32126.317
MinimumVisualStudioVersion = 10.0.40219.1
Project("{FAE04EC0-301F-11D3-BF4B-00C04F79EFBC}") = "M2Homework6", "M2Homework6.csproj", "{BD0969CF-1F2E-4A69-A862-A451FACD6D98}"
EndProject
Global
	GlobalSection(SolutionConfigurationPlatforms) = preSolution
		Debug|Any CPU = Debug|Any CPU
		Release|Any CPU = Release|Any CPU
	EndGlobalSection
	GlobalSection(ProjectConfigurationPlatforms) = postSolution
		{BD0969CF-1F2E-4A69-A862-A451FACD6D98}.Debug|Any CPU.ActiveCfg = Debug|Any CPU
		{BD0969CF-1F2E-4A69-A862-A451FACD6D98}.Debug|Any CPU.Build.0 = Debug|Any CPU
		{BD0969CF-1F2E-4A69-A862-A451FACD6D98}.Release|Any CPU.ActiveCfg = Release|Any CPU
		{BD0969CF-1F2E-4A69-A862-A451FACD6D98}.Release|Any CPU.Build.0 = Release|Any CPU
	EndGlobalSection
	GlobalSection(SolutionProperties) = preSolution
		HideSolutionNode = FALSE
	EndGlobalSection
	GlobalSection(ExtensibilityGlobals) = postSolution
		SolutionGuid = {BA194C36-75E6-4AFA-9C0A-C0B37C443427}
	EndGlobalSection
EndGlobal
